<?xml version="1.0" encoding="utf-8"?>
<Project ToolsVersion="4.0" xmlns="http://schemas.microsoft.com/developer/msbuild/2003">
  <ItemGroup>
    <Filter Include="Source Files">
      <UniqueIdentifier>{4FC737F1-C7A5-4376-A066-2A32D752A2FF}</UniqueIdentifier>
      <Extensions>cpp;c;cc;cxx;def;odl;idl;hpj;bat;asm;asmx</Extensions>
    </Filter>
    <Filter Include="Header Files">
      <UniqueIdentifier>{93995380-89BD-4b04-88EB-625FBE52EBFB}</UniqueIdentifier>
      <Extensions>h;hh;hpp;hxx;hm;inl;inc;xsd</Extensions>
    </Filter>
    <Filter Include="Resource Files">
      <UniqueIdentifier>{67DA6AB6-F800-4c08-8B7A-83BB121AAD01}</UniqueIdentifier>
      <Extensions>rc;ico;cur;bmp;dlg;rc2;rct;bin;rgs;gif;jpg;jpeg;jpe;resx;tiff;tif;png;wav;mfcribbon-ms</Extensions>
    </Filter>
    <Filter Include="vision">
      <UniqueIdentifier>{f41b95b5-b1a0-45ce-af3c-2b59689ca5f0}</UniqueIdentifier>
    </Filter>
    <Filter Include="data">
      <UniqueIdentifier>{7d388dc8-8edd-4a6d-874a-117aa0fe5a89}</UniqueIdentifier>
    </Filter>
    <Filter Include="rendering">
      <UniqueIdentifier>{5245b17c-8f1a-420b-8f19-32d3a1202db4}</UniqueIdentifier>
    </Filter>
    <Filter Include="rendering\Header Files">
      <UniqueIdentifier>{1997149e-f9f3-4655-a727-3b417fe4b677}</UniqueIdentifier>
    </Filter>
    <Filter Include="rendering\Source Files">
      <UniqueIdentifier>{2e75ce4a-5b1c-4699-b9b4-92d01684d246}</UniqueIdentifier>
    </Filter>
    <Filter Include="data\Header Files">
      <UniqueIdentifier>{07e89116-71bb-4411-ba69-ef1a25754aca}</UniqueIdentifier>
    </Filter>
    <Filter Include="data\Source Files">
      <UniqueIdentifier>{36ed8f53-a3ed-4a25-a041-361ca73fd57c}</UniqueIdentifier>
    </Filter>
    <Filter Include="vision\Header Files">
      <UniqueIdentifier>{4382b8e4-879f-4d8b-a3bb-a33d355824fc}</UniqueIdentifier>
    </Filter>
    <Filter Include="vision\Source Files">
      <UniqueIdentifier>{d3fb6ae6-5903-404e-a4ad-bbee1e4118a6}</UniqueIdentifier>
    </Filter>
    <Filter Include="util">
      <UniqueIdentifier>{aa39f407-c90a-4b47-ac18-339cf5eaa6c1}</UniqueIdentifier>
    </Filter>
    <Filter Include="util\Header Files">
      <UniqueIdentifier>{f31d6f02-98d9-4d63-92e5-1d3a59563e0d}</UniqueIdentifier>
    </Filter>
    <Filter Include="util\Source Files">
      <UniqueIdentifier>{fd40c22e-3ec1-49f1-87bd-ba2f370aa180}</UniqueIdentifier>
    </Filter>
    <Filter Include="rendering\model">
      <UniqueIdentifier>{19b50978-cc35-41f3-8ddd-de17cd856e50}</UniqueIdentifier>
    </Filter>
    <Filter Include="rendering\view">
      <UniqueIdentifier>{dd242a34-37be-4a7e-a063-81d86ed8db59}</UniqueIdentifier>
    </Filter>
    <Filter Include="rendering\controller">
      <UniqueIdentifier>{1a31e74b-16d2-4fcd-ad08-9aab8a05c07a}</UniqueIdentifier>
    </Filter>
    <Filter Include="rendering\model\Header Files">
      <UniqueIdentifier>{14301e43-4d7e-40e9-813a-bf86235936ea}</UniqueIdentifier>
    </Filter>
    <Filter Include="rendering\model\Source Files">
      <UniqueIdentifier>{26ffc615-d983-4661-bb34-252f33c2f660}</UniqueIdentifier>
    </Filter>
    <Filter Include="rendering\controller\Source Files">
      <UniqueIdentifier>{c8c264d5-5889-49ce-a94d-5ab4b67b85db}</UniqueIdentifier>
    </Filter>
    <Filter Include="rendering\view\Source Files">
      <UniqueIdentifier>{e5c63cea-b4f0-4e61-bbb1-587b144f9e99}</UniqueIdentifier>
    </Filter>
    <Filter Include="rendering\controller\Header Files">
      <UniqueIdentifier>{a169b4e4-dbbe-495a-adfa-65cff03297fb}</UniqueIdentifier>
    </Filter>
    <Filter Include="rendering\view\Header Files">
      <UniqueIdentifier>{f122605c-8f64-48fa-9f49-86153c5f07d5}</UniqueIdentifier>
    </Filter>
  </ItemGroup>
  <ItemGroup>
    <ClCompile Include="src\main.cpp">
      <Filter>Source Files</Filter>
    </ClCompile>
    <ClCompile Include="src\data\world.cpp">
      <Filter>data\Source Files</Filter>
    </ClCompile>
    <ClCompile Include="src\data\world_config.cpp">
      <Filter>data\Source Files</Filter>
    </ClCompile>
    <ClCompile Include="src\data\input_layer.cpp">
      <Filter>data\Source Files</Filter>
    </ClCompile>
    <ClCompile Include="src\rendering\window.cpp">
      <Filter>rendering\Source Files</Filter>
    </ClCompile>
    <ClCompile Include="src\application.cpp">
      <Filter>Source Files</Filter>
    </ClCompile>
    <ClCompile Include="src\vision\dummy_vision.cpp">
      <Filter>vision\Source Files</Filter>
    </ClCompile>
    <ClCompile Include="src\rendering\debug_renderer.cpp">
      <Filter>rendering\Source Files</Filter>
    </ClCompile>
    <ClCompile Include="src\rendering\abstract_user_input.cpp">
      <Filter>rendering\Source Files</Filter>
    </ClCompile>
    <ClCompile Include="src\rendering\debug_user_input.cpp">
      <Filter>rendering\Source Files</Filter>
    </ClCompile>
    <ClCompile Include="src\rendering\abstract_renderer.cpp">
      <Filter>rendering\Source Files</Filter>
    </ClCompile>
    <ClCompile Include="src\vision\abstract_vision.cpp">
      <Filter>vision\Source Files</Filter>
    </ClCompile>
    <ClCompile Include="src\application_config.cpp">
      <Filter>Source Files</Filter>
    </ClCompile>
    <ClCompile Include="src\rendering\release_renderer.cpp">
      <Filter>rendering\Source Files</Filter>
    </ClCompile>
    <ClCompile Include="src\rendering\model_listing_renderer.cpp">
      <Filter>rendering\Source Files</Filter>
    </ClCompile>
    <ClCompile Include="src\util\resource_file.cpp">
      <Filter>util\Source Files</Filter>
    </ClCompile>
    <ClCompile Include="src\util\obj_parser.cpp">
      <Filter>util\Source Files</Filter>
    </ClCompile>
    <ClCompile Include="src\rendering\view\view_base.cpp">
      <Filter>rendering\view\Source Files</Filter>
    </ClCompile>
    <ClCompile Include="src\rendering\controller\controller_base.cpp">
      <Filter>rendering\controller\Source Files</Filter>
    </ClCompile>
    <ClCompile Include="src\rendering\model\model_base.cpp">
      <Filter>rendering\model\Source Files</Filter>
    </ClCompile>
    <ClCompile Include="src\rendering\view\star_view.cpp">
      <Filter>rendering\view\Source Files</Filter>
    </ClCompile>
    <ClCompile Include="src\rendering\view\star_geometry.cpp">
      <Filter>rendering\view\Source Files</Filter>
    </ClCompile>
    <ClCompile Include="src\rendering\view\hand_geometry.cpp">
      <Filter>rendering\view\Source Files</Filter>
    </ClCompile>
    <ClCompile Include="src\rendering\view\hand_view.cpp">
      <Filter>rendering\view\Source Files</Filter>
    </ClCompile>
    <ClCompile Include="src\rendering\technique.cpp">
      <Filter>rendering\Source Files</Filter>
    </ClCompile>
    <ClCompile Include="src\rendering\controller\data_controller.cpp">
      <Filter>rendering\controller\Source Files</Filter>
    </ClCompile>
    <ClCompile Include="src\rendering\technique_normal_as_colour.cpp">
      <Filter>rendering\Source Files</Filter>
    </ClCompile>
    <ClCompile Include="src\rendering\model\graphic_model_base.cpp">
      <Filter>rendering\model\Source Files</Filter>
    </ClCompile>
    <ClCompile Include="src\rendering\controller\periodic_rotation_controller.cpp">
      <Filter>rendering\controller\Source Files</Filter>
    </ClCompile>
    <ClCompile Include="src\rendering\controller\caught_star_controller.cpp">
      <Filter>rendering\controller\Source Files</Filter>
    </ClCompile>
    <ClCompile Include="src\util\objImporter.cpp">
      <Filter>util\Source Files</Filter>
    </ClCompile>
    <ClCompile Include="src\rendering\lights.cpp">
      <Filter>rendering\Source Files</Filter>
    </ClCompile>
    <ClCompile Include="src\rendering\geometryBuffer.cpp">
      <Filter>rendering\Source Files</Filter>
    </ClCompile>
    <ClCompile Include="src\rendering\mesh.cpp">
      <Filter>rendering\Source Files</Filter>
    </ClCompile>
  </ItemGroup>
  <ItemGroup>
    <None Include="packages.config" />
  </ItemGroup>
  <ItemGroup>
    <ClInclude Include="src\data\input_layer.hpp">
      <Filter>data\Header Files</Filter>
    </ClInclude>
    <ClInclude Include="src\data\tripple_buffer.hpp">
      <Filter>data\Header Files</Filter>
    </ClInclude>
    <ClInclude Include="src\data\world.hpp">
      <Filter>data\Header Files</Filter>
    </ClInclude>
    <ClInclude Include="src\data\world_config.hpp">
      <Filter>data\Header Files</Filter>
    </ClInclude>
    <ClInclude Include="src\rendering\window.hpp">
      <Filter>rendering\Header Files</Filter>
    </ClInclude>
    <ClInclude Include="src\application.hpp">
      <Filter>Header Files</Filter>
    </ClInclude>
    <ClInclude Include="src\vision\dummy_vision.hpp">
      <Filter>vision\Header Files</Filter>
    </ClInclude>
    <ClInclude Include="src\rendering\debug_renderer.hpp">
      <Filter>rendering\Header Files</Filter>
    </ClInclude>
    <ClInclude Include="src\rendering\abstract_user_input.hpp">
      <Filter>rendering\Header Files</Filter>
    </ClInclude>
    <ClInclude Include="src\rendering\debug_user_input.hpp">
      <Filter>rendering\Header Files</Filter>
    </ClInclude>
    <ClInclude Include="src\rendering\abstract_renderer.hpp">
      <Filter>rendering\Header Files</Filter>
    </ClInclude>
    <ClInclude Include="src\vision\abstract_vision.hpp">
      <Filter>vision\Header Files</Filter>
    </ClInclude>
    <ClInclude Include="src\application_config.hpp">
      <Filter>Header Files</Filter>
    </ClInclude>
    <ClInclude Include="src\rendering\release_renderer.hpp">
      <Filter>rendering\Header Files</Filter>
    </ClInclude>
    <ClInclude Include="src\rendering\model_listing_renderer.hpp">
      <Filter>rendering\Header Files</Filter>
    </ClInclude>
    <ClInclude Include="src\util\resource_file.hpp">
      <Filter>util\Header Files</Filter>
    </ClInclude>
    <ClInclude Include="src\util\obj_parser.hpp">
      <Filter>util\Header Files</Filter>
    </ClInclude>
    <ClInclude Include="src\rendering\view\view_base.hpp">
      <Filter>rendering\view\Header Files</Filter>
    </ClInclude>
    <ClInclude Include="src\rendering\controller\controller_base.hpp">
      <Filter>rendering\controller\Header Files</Filter>
    </ClInclude>
    <ClInclude Include="src\rendering\model\model_base.hpp">
      <Filter>rendering\model\Header Files</Filter>
    </ClInclude>
    <ClInclude Include="src\rendering\view\view_geometry_base.hpp">
      <Filter>rendering\view\Header Files</Filter>
    </ClInclude>
    <ClInclude Include="src\rendering\view\star_geometry.hpp">
      <Filter>rendering\view\Header Files</Filter>
    </ClInclude>
    <ClInclude Include="src\rendering\view\star_view.hpp">
      <Filter>rendering\view\Header Files</Filter>
    </ClInclude>
    <ClInclude Include="src\rendering\model\star_model.hpp">
      <Filter>rendering\model\Header Files</Filter>
    </ClInclude>
    <ClInclude Include="src\rendering\view\hand_geometry.hpp">
      <Filter>rendering\view\Header Files</Filter>
    </ClInclude>
    <ClInclude Include="src\rendering\view\hand_view.hpp">
      <Filter>rendering\view\Header Files</Filter>
    </ClInclude>
    <ClInclude Include="src\rendering\model\hand_model.hpp">
      <Filter>rendering\model\Header Files</Filter>
    </ClInclude>
    <ClInclude Include="src\rendering\technique.hpp">
      <Filter>rendering\Header Files</Filter>
    </ClInclude>
    <ClInclude Include="src\rendering\controller\data_controller.hpp">
      <Filter>rendering\controller\Header Files</Filter>
    </ClInclude>
    <ClInclude Include="src\rendering\technique_normal_as_colour.hpp">
      <Filter>rendering\Header Files</Filter>
    </ClInclude>
    <ClInclude Include="src\rendering\model\graphic_model_base.hpp">
      <Filter>rendering\model\Header Files</Filter>
    </ClInclude>
    <ClInclude Include="src\rendering\controller\periodic_rotation_controller.hpp">
      <Filter>rendering\controller\Header Files</Filter>
    </ClInclude>
    <ClInclude Include="src\rendering\controller\caught_star_controller.hpp">
      <Filter>rendering\controller\Header Files</Filter>
    </ClInclude>
    <ClInclude Include="src\util\objImporter.hpp">
      <Filter>util\Header Files</Filter>
    </ClInclude>
    <ClInclude Include="src\rendering\lights.hpp">
      <Filter>rendering\Header Files</Filter>
    </ClInclude>
    <ClInclude Include="src\rendering\geometryBuffer.hpp">
      <Filter>rendering\Header Files</Filter>
    </ClInclude>
    <ClInclude Include="src\rendering\mesh.hpp">
      <Filter>rendering\Header Files</Filter>
    </ClInclude>
  </ItemGroup>
</Project>